
Microsoft Visual Studio Solution File, Format Version 12.00
# Visual Studio Version 16
VisualStudioVersion = 16.0.30907.101
MinimumVisualStudioVersion = 10.0.40219.1
Project("{FAE04EC0-301F-11D3-BF4B-00C04F79EFBC}") = "ConsoleApp5", "ConsoleApp5\ConsoleApp5.csproj", "{8251C3EA-E31E-4579-A38E-E85C861A4080}"
EndProject
Project("{FAE04EC0-301F-11D3-BF4B-00C04F79EFBC}") = "ClassMetotDemo", "ClassMetotDemo\ClassMetotDemo.csproj", "{FA8CC4F2-1454-417A-8C06-1C470D555699}"
EndProject
Global
	GlobalSection(SolutionConfigurationPlatforms) = preSolution
		Debug|Any CPU = Debug|Any CPU
		Release|Any CPU = Release|Any CPU
	EndGlobalSection
	GlobalSection(ProjectConfigurationPlatforms) = postSolution
		{8251C3EA-E31E-4579-A38E-E85C861A4080}.Debug|Any CPU.ActiveCfg = Debug|Any CPU
		{8251C3EA-E31E-4579-A38E-E85C861A4080}.Debug|Any CPU.Build.0 = Debug|Any CPU
		{8251C3EA-E31E-4579-A38E-E85C861A4080}.Release|Any CPU.ActiveCfg = Release|Any CPU
		{8251C3EA-E31E-4579-A38E-E85C861A4080}.Release|Any CPU.Build.0 = Release|Any CPU
		{FA8CC4F2-1454-417A-8C06-1C470D555699}.Debug|Any CPU.ActiveCfg = Debug|Any CPU
		{FA8CC4F2-1454-417A-8C06-1C470D555699}.Debug|Any CPU.Build.0 = Debug|Any CPU
		{FA8CC4F2-1454-417A-8C06-1C470D555699}.Release|Any CPU.ActiveCfg = Release|Any CPU
		{FA8CC4F2-1454-417A-8C06-1C470D555699}.Release|Any CPU.Build.0 = Release|Any CPU
	EndGlobalSection
	GlobalSection(SolutionProperties) = preSolution
		HideSolutionNode = FALSE
	EndGlobalSection
	GlobalSection(ExtensibilityGlobals) = postSolution
		SolutionGuid = {F0B417DA-361E-427B-8D05-F4046941D150}
	EndGlobalSection
EndGlobal
